
Microsoft Visual Studio Solution File, Format Version 12.00
# Visual Studio Version 16
VisualStudioVersion = 16.0.31025.218
MinimumVisualStudioVersion = 10.0.40219.1
Project("{9A19103F-16F7-4668-BE54-9A1E7A4F7556}") = "CarRacing", "CarRacing.csproj", "{64A9F64D-88FC-45E2-92AA-C9D79491D8D3}"
EndProject
Global
	GlobalSection(SolutionConfigurationPlatforms) = preSolution
		Debug|Any CPU = Debug|Any CPU
		Release|Any CPU = Release|Any CPU
	EndGlobalSection
	GlobalSection(ProjectConfigurationPlatforms) = postSolution
		{64A9F64D-88FC-45E2-92AA-C9D79491D8D3}.Debug|Any CPU.ActiveCfg = Release|Any CPU
		{64A9F64D-88FC-45E2-92AA-C9D79491D8D3}.Debug|Any CPU.Build.0 = Release|Any CPU
		{64A9F64D-88FC-45E2-92AA-C9D79491D8D3}.Release|Any CPU.ActiveCfg = Release|Any CPU
		{64A9F64D-88FC-45E2-92AA-C9D79491D8D3}.Release|Any CPU.Build.0 = Release|Any CPU
	EndGlobalSection
	GlobalSection(SolutionProperties) = preSolution
		HideSolutionNode = FALSE
	EndGlobalSection
	GlobalSection(ExtensibilityGlobals) = postSolution
		SolutionGuid = {83EAF58E-A156-4C70-A359-71207EDED769}
	EndGlobalSection
EndGlobal
